
Microsoft Visual Studio Solution File, Format Version 12.00
# Visual Studio Version 16
VisualStudioVersion = 16.0.29509.3
MinimumVisualStudioVersion = 10.0.40219.1
Project("{D2ABAB84-BF74-430A-B69E-9DC6D40DDA17}") = "HurtownieImplementacja", "HurtownieImplementacja\HurtownieImplementacja.dwproj", "{3D347CBB-72C3-4096-B941-0A4DA7DAF5BB}"
EndProject
Global
	GlobalSection(SolutionConfigurationPlatforms) = preSolution
		Development|Default = Development|Default
	EndGlobalSection
	GlobalSection(ProjectConfigurationPlatforms) = postSolution
		{3D347CBB-72C3-4096-B941-0A4DA7DAF5BB}.Development|Default.ActiveCfg = Development
		{3D347CBB-72C3-4096-B941-0A4DA7DAF5BB}.Development|Default.Build.0 = Development
		{3D347CBB-72C3-4096-B941-0A4DA7DAF5BB}.Development|Default.Deploy.0 = Development
	EndGlobalSection
	GlobalSection(SolutionProperties) = preSolution
		HideSolutionNode = FALSE
	EndGlobalSection
	GlobalSection(ExtensibilityGlobals) = postSolution
		SolutionGuid = {FA633F04-150D-4DF1-9794-569856E1D134}
	EndGlobalSection
EndGlobal
